Microsoft Visual Studio Solution File, Format Version 12.00
# Visual Studio 15
VisualStudioVersion = 15.0.26730.12
MinimumVisualStudioVersion = 10.0.40219.1
Project("{FAE04EC0-301F-11D3-BF4B-00C04F79EFBC}") = "Gummi", "Gummi\Gummi.csproj", "{D90D4BC3-E0E9-4110-9A2B-4D3A306DA0C4}"
EndProject
Project("{FAE04EC0-301F-11D3-BF4B-00C04F79EFBC}") = "Gummi.Tests", "Gummi.Tests\Gummi.Tests.csproj", "{B2705F65-453C-4AC7-ADF8-6D772202BDDA}"
EndProject
Global
	GlobalSection(SolutionConfigurationPlatforms) = preSolution
		Debug|Any CPU = Debug|Any CPU
		Release|Any CPU = Release|Any CPU
	EndGlobalSection
	GlobalSection(ProjectConfigurationPlatforms) = postSolution
		{D90D4BC3-E0E9-4110-9A2B-4D3A306DA0C4}.Debug|Any CPU.ActiveCfg = Debug|Any CPU
		{D90D4BC3-E0E9-4110-9A2B-4D3A306DA0C4}.Debug|Any CPU.Build.0 = Debug|Any CPU
		{D90D4BC3-E0E9-4110-9A2B-4D3A306DA0C4}.Release|Any CPU.ActiveCfg = Release|Any CPU
		{D90D4BC3-E0E9-4110-9A2B-4D3A306DA0C4}.Release|Any CPU.Build.0 = Release|Any CPU
		{B2705F65-453C-4AC7-ADF8-6D772202BDDA}.Debug|Any CPU.ActiveCfg = Debug|Any CPU
		{B2705F65-453C-4AC7-ADF8-6D772202BDDA}.Debug|Any CPU.Build.0 = Debug|Any CPU
		{B2705F65-453C-4AC7-ADF8-6D772202BDDA}.Release|Any CPU.ActiveCfg = Release|Any CPU
		{B2705F65-453C-4AC7-ADF8-6D772202BDDA}.Release|Any CPU.Build.0 = Release|Any CPU
	EndGlobalSection
	GlobalSection(SolutionProperties) = preSolution
		HideSolutionNode = FALSE
	EndGlobalSection
	GlobalSection(ExtensibilityGlobals) = postSolution
		SolutionGuid = {7B22C8A3-828F-4969-8DD9-68A6BF353D74}
	EndGlobalSection
EndGlobal
